{
  "name": "iotw",
  "version": "1.0.0",
  "lockfileVersion": 2,
  "requires": true,
  "packages": {
    "": {
      "name": "iotw",
      "version": "1.0.0",
      "license": "ISC",
      "devDependencies": {
        "iotw-shared": "^1.0.0"
      }
    },
    "node_modules/iotw-shared": {
      "version": "1.0.1",
      "resolved": "https://registry.npmjs.org/iotw-shared/-/iotw-shared-1.0.1.tgz",
      "integrity": "sha512-y6sFfli9/KdjlRCHc8wQKRWwiB5CNK3lrEKF6cc42rEJhGrRgP5ULJgbDZFyH67/zIO0qdxtK2JNIP7UiM7o5Q==",
      "dev": true
    }
  },
  "dependencies": {
    "iotw-shared": {
      "version": "1.0.1",
      "resolved": "https://registry.npmjs.org/iotw-shared/-/iotw-shared-1.0.1.tgz",
      "integrity": "sha512-y6sFfli9/KdjlRCHc8wQKRWwiB5CNK3lrEKF6cc42rEJhGrRgP5ULJgbDZFyH67/zIO0qdxtK2JNIP7UiM7o5Q==",
      "dev": true
    }
  }
}
